
Microsoft Visual Studio Solution File, Format Version 12.00
# Visual Studio Version 17
VisualStudioVersion = 17.1.32421.90
MinimumVisualStudioVersion = 10.0.40219.1
Project("{FAE04EC0-301F-11D3-BF4B-00C04F79EFBC}") = "TesteSalut", "TesteSalut.csproj", "{BA3A3E14-15BA-4738-9B75-A0F7EB0F853C}"
EndProject
Global
	GlobalSection(SolutionConfigurationPlatforms) = preSolution
		Debug|Any CPU = Debug|Any CPU
		Release|Any CPU = Release|Any CPU
	EndGlobalSection
	GlobalSection(ProjectConfigurationPlatforms) = postSolution
		{BA3A3E14-15BA-4738-9B75-A0F7EB0F853C}.Debug|Any CPU.ActiveCfg = Debug|Any CPU
		{BA3A3E14-15BA-4738-9B75-A0F7EB0F853C}.Debug|Any CPU.Build.0 = Debug|Any CPU
		{BA3A3E14-15BA-4738-9B75-A0F7EB0F853C}.Release|Any CPU.ActiveCfg = Release|Any CPU
		{BA3A3E14-15BA-4738-9B75-A0F7EB0F853C}.Release|Any CPU.Build.0 = Release|Any CPU
	EndGlobalSection
	GlobalSection(SolutionProperties) = preSolution
		HideSolutionNode = FALSE
	EndGlobalSection
	GlobalSection(ExtensibilityGlobals) = postSolution
		SolutionGuid = {227FD8F7-4D83-472A-B820-52B662BAD1CB}
	EndGlobalSection
EndGlobal
